
Microsoft Visual Studio Solution File, Format Version 12.00
# Visual Studio 15
VisualStudioVersion = 15.0.28307.902
MinimumVisualStudioVersion = 10.0.40219.1
Project("{FAE04EC0-301F-11D3-BF4B-00C04F79EFBC}") = "ReactDemo", "ReactDemo\ReactDemo.csproj", "{3BE8BBE5-AC28-4FEB-9524-836891FA599D}"
EndProject
Project("{9092AA53-FB77-4645-B42D-1CCCA6BD08BD}") = "ReactNode", "ReactNode\ReactNode.njsproj", "{11BA68C8-31D3-485A-AC90-7C190A82B33C}"
EndProject
Global
	GlobalSection(SolutionConfigurationPlatforms) = preSolution
		Debug|Any CPU = Debug|Any CPU
		Release|Any CPU = Release|Any CPU
	EndGlobalSection
	GlobalSection(ProjectConfigurationPlatforms) = postSolution
		{3BE8BBE5-AC28-4FEB-9524-836891FA599D}.Debug|Any CPU.ActiveCfg = Debug|Any CPU
		{3BE8BBE5-AC28-4FEB-9524-836891FA599D}.Debug|Any CPU.Build.0 = Debug|Any CPU
		{3BE8BBE5-AC28-4FEB-9524-836891FA599D}.Release|Any CPU.ActiveCfg = Release|Any CPU
		{3BE8BBE5-AC28-4FEB-9524-836891FA599D}.Release|Any CPU.Build.0 = Release|Any CPU
		{11BA68C8-31D3-485A-AC90-7C190A82B33C}.Debug|Any CPU.ActiveCfg = Debug|Any CPU
		{11BA68C8-31D3-485A-AC90-7C190A82B33C}.Debug|Any CPU.Build.0 = Debug|Any CPU
		{11BA68C8-31D3-485A-AC90-7C190A82B33C}.Release|Any CPU.ActiveCfg = Release|Any CPU
		{11BA68C8-31D3-485A-AC90-7C190A82B33C}.Release|Any CPU.Build.0 = Release|Any CPU
	EndGlobalSection
	GlobalSection(SolutionProperties) = preSolution
		HideSolutionNode = FALSE
	EndGlobalSection
	GlobalSection(ExtensibilityGlobals) = postSolution
		SolutionGuid = {0CDF013A-EAAC-4796-8ECA-EF53FA23C75A}
	EndGlobalSection
EndGlobal
